
Microsoft Visual Studio Solution File, Format Version 12.00
# Visual Studio Version 17
VisualStudioVersion = 17.10.34928.147
MinimumVisualStudioVersion = 10.0.40219.1
Project("{FAE04EC0-301F-11D3-BF4B-00C04F79EFBC}") = "ConsoleAppExtensions", "ConsoleAppExtensions\ConsoleAppExtensions.csproj", "{A05FA2C9-CF91-4A12-915F-135839A329D5}"
EndProject
Project("{FAE04EC0-301F-11D3-BF4B-00C04F79EFBC}") = "ExtensionsTests", "ExtensionsTests\ExtensionsTests.csproj", "{29919FE0-C61B-4F7B-9C42-5411D0158EC9}"
EndProject
Global
	GlobalSection(SolutionConfigurationPlatforms) = preSolution
		Debug|Any CPU = Debug|Any CPU
		Release|Any CPU = Release|Any CPU
	EndGlobalSection
	GlobalSection(ProjectConfigurationPlatforms) = postSolution
		{A05FA2C9-CF91-4A12-915F-135839A329D5}.Debug|Any CPU.ActiveCfg = Debug|Any CPU
		{A05FA2C9-CF91-4A12-915F-135839A329D5}.Debug|Any CPU.Build.0 = Debug|Any CPU
		{A05FA2C9-CF91-4A12-915F-135839A329D5}.Release|Any CPU.ActiveCfg = Release|Any CPU
		{A05FA2C9-CF91-4A12-915F-135839A329D5}.Release|Any CPU.Build.0 = Release|Any CPU
		{29919FE0-C61B-4F7B-9C42-5411D0158EC9}.Debug|Any CPU.ActiveCfg = Debug|Any CPU
		{29919FE0-C61B-4F7B-9C42-5411D0158EC9}.Debug|Any CPU.Build.0 = Debug|Any CPU
		{29919FE0-C61B-4F7B-9C42-5411D0158EC9}.Release|Any CPU.ActiveCfg = Release|Any CPU
		{29919FE0-C61B-4F7B-9C42-5411D0158EC9}.Release|Any CPU.Build.0 = Release|Any CPU
	EndGlobalSection
	GlobalSection(SolutionProperties) = preSolution
		HideSolutionNode = FALSE
	EndGlobalSection
	GlobalSection(ExtensibilityGlobals) = postSolution
		SolutionGuid = {836B926D-13C1-4487-A8F5-2048BD281524}
	EndGlobalSection
EndGlobal
